
Microsoft Visual Studio Solution File, Format Version 12.00
# Visual Studio 15
VisualStudioVersion = 15.0.28307.102
MinimumVisualStudioVersion = 10.0.40219.1
Project("{FAE04EC0-301F-11D3-BF4B-00C04F79EFBC}") = "ASP-NET Core Test Project", "ASP-NET Core Test Project\ASP-NET Core Test Project.csproj", "{81CB62B9-268D-415E-858B-A31FFC95EE3D}"
EndProject
Global
	GlobalSection(SolutionConfigurationPlatforms) = preSolution
		Debug|Any CPU = Debug|Any CPU
		Release|Any CPU = Release|Any CPU
	EndGlobalSection
	GlobalSection(ProjectConfigurationPlatforms) = postSolution
		{81CB62B9-268D-415E-858B-A31FFC95EE3D}.Debug|Any CPU.ActiveCfg = Debug|Any CPU
		{81CB62B9-268D-415E-858B-A31FFC95EE3D}.Debug|Any CPU.Build.0 = Debug|Any CPU
		{81CB62B9-268D-415E-858B-A31FFC95EE3D}.Release|Any CPU.ActiveCfg = Release|Any CPU
		{81CB62B9-268D-415E-858B-A31FFC95EE3D}.Release|Any CPU.Build.0 = Release|Any CPU
	EndGlobalSection
	GlobalSection(SolutionProperties) = preSolution
		HideSolutionNode = FALSE
	EndGlobalSection
	GlobalSection(ExtensibilityGlobals) = postSolution
		SolutionGuid = {6DF83CC0-15C8-4D93-A408-D2540F22A931}
	EndGlobalSection
EndGlobal
